
Microsoft Visual Studio Solution File, Format Version 12.00
# Visual Studio Version 17
VisualStudioVersion = 17.13.35806.99 d17.13
MinimumVisualStudioVersion = 10.0.40219.1
Project("{FAE04EC0-301F-11D3-BF4B-00C04F79EFBC}") = "KEPHISIntranet", "KEPHISIntranet\KEPHISIntranet.csproj", "{3207CC56-9CAA-4665-892E-DF4448E2BE29}"
EndProject
Global
	GlobalSection(SolutionConfigurationPlatforms) = preSolution
		Debug|Any CPU = Debug|Any CPU
		Release|Any CPU = Release|Any CPU
	EndGlobalSection
	GlobalSection(ProjectConfigurationPlatforms) = postSolution
		{3207CC56-9CAA-4665-892E-DF4448E2BE29}.Debug|Any CPU.ActiveCfg = Debug|Any CPU
		{3207CC56-9CAA-4665-892E-DF4448E2BE29}.Debug|Any CPU.Build.0 = Debug|Any CPU
		{3207CC56-9CAA-4665-892E-DF4448E2BE29}.Release|Any CPU.ActiveCfg = Release|Any CPU
		{3207CC56-9CAA-4665-892E-DF4448E2BE29}.Release|Any CPU.Build.0 = Release|Any CPU
	EndGlobalSection
	GlobalSection(SolutionProperties) = preSolution
		HideSolutionNode = FALSE
	EndGlobalSection
	GlobalSection(ExtensibilityGlobals) = postSolution
		SolutionGuid = {69BCC52E-A976-49D4-98B6-7C8AD07141CC}
	EndGlobalSection
EndGlobal
